# This file is automatically @generated by Cargo.
# It is not intended for manual editing.
version = 4

[[package]]
name = "dac-ai"
version = "0.1.0-pre"

[[package]]
name = "dac-analysis"
version = "0.1.0-pre"

[[package]]
name = "dac-api"
version = "0.1.0-pre"

[[package]]
name = "dac-arch"
version = "0.1.0-pre"

[[package]]
name = "dac-arch-x86"
version = "0.1.0-pre"

[[package]]
name = "dac-artifact"
version = "0.1.0-pre"

[[package]]
name = "dac-backend-c"
version = "0.1.0-pre"

[[package]]
name = "dac-backend-cpp"
version = "0.1.0-pre"

[[package]]
name = "dac-binfmt"
version = "0.1.0-pre"

[[package]]
name = "dac-cli"
version = "0.1.0-pre"

[[package]]
name = "dac-core"
version = "0.1.0-pre"

[[package]]
name = "dac-ir"
version = "0.1.0-pre"

[[package]]
name = "dac-knowledge"
version = "0.1.0-pre"

[[package]]
name = "dac-lift"
version = "0.1.0-pre"

[[package]]
name = "dac-plugin"
version = "0.1.0-pre"

[[package]]
name = "dac-recovery"
version = "0.1.0-pre"

[[package]]
name = "dac-verify"
version = "0.1.0-pre"

[[package]]
name = "xtask"
version = "0.1.0-pre"
